
Microsoft Visual Studio Solution File, Format Version 12.00
# Visual Studio Version 17
VisualStudioVersion = 17.7.34221.43
MinimumVisualStudioVersion = 10.0.40219.1
Project("{FAE04EC0-301F-11D3-BF4B-00C04F79EFBC}") = "rockPaperScissors", "rockPaperScissors\rockPaperScissors.csproj", "{D45F6043-D7D5-431D-817C-B845D7341F66}"
EndProject
Global
	GlobalSection(SolutionConfigurationPlatforms) = preSolution
		Debug|Any CPU = Debug|Any CPU
		Release|Any CPU = Release|Any CPU
	EndGlobalSection
	GlobalSection(ProjectConfigurationPlatforms) = postSolution
		{D45F6043-D7D5-431D-817C-B845D7341F66}.Debug|Any CPU.ActiveCfg = Debug|Any CPU
		{D45F6043-D7D5-431D-817C-B845D7341F66}.Debug|Any CPU.Build.0 = Debug|Any CPU
		{D45F6043-D7D5-431D-817C-B845D7341F66}.Release|Any CPU.ActiveCfg = Release|Any CPU
		{D45F6043-D7D5-431D-817C-B845D7341F66}.Release|Any CPU.Build.0 = Release|Any CPU
	EndGlobalSection
	GlobalSection(SolutionProperties) = preSolution
		HideSolutionNode = FALSE
	EndGlobalSection
	GlobalSection(ExtensibilityGlobals) = postSolution
		SolutionGuid = {A9FC8A4D-06C7-4258-9661-7A63B1976CA9}
	EndGlobalSection
EndGlobal
